
Microsoft Visual Studio Solution File, Format Version 12.00
# Visual Studio Version 17
VisualStudioVersion = 17.14.36414.22 d17.14
MinimumVisualStudioVersion = 10.0.40219.1
Project("{FAE04EC0-301F-11D3-BF4B-00C04F79EFBC}") = "lorinczbeadando", "lorinczbeadando\lorinczbeadando.csproj", "{0F2BD8BC-5E69-43D8-93F8-4F33F8BAF3ED}"
EndProject
Global
	GlobalSection(SolutionConfigurationPlatforms) = preSolution
		Debug|Any CPU = Debug|Any CPU
		Release|Any CPU = Release|Any CPU
	EndGlobalSection
	GlobalSection(ProjectConfigurationPlatforms) = postSolution
		{0F2BD8BC-5E69-43D8-93F8-4F33F8BAF3ED}.Debug|Any CPU.ActiveCfg = Debug|Any CPU
		{0F2BD8BC-5E69-43D8-93F8-4F33F8BAF3ED}.Debug|Any CPU.Build.0 = Debug|Any CPU
		{0F2BD8BC-5E69-43D8-93F8-4F33F8BAF3ED}.Release|Any CPU.ActiveCfg = Release|Any CPU
		{0F2BD8BC-5E69-43D8-93F8-4F33F8BAF3ED}.Release|Any CPU.Build.0 = Release|Any CPU
	EndGlobalSection
	GlobalSection(SolutionProperties) = preSolution
		HideSolutionNode = FALSE
	EndGlobalSection
	GlobalSection(ExtensibilityGlobals) = postSolution
		SolutionGuid = {51725CFB-C2FC-4C34-9747-8D35536B55CB}
	EndGlobalSection
EndGlobal
